
Microsoft Visual Studio Solution File, Format Version 12.00
# Visual Studio Version 17
VisualStudioVersion = 17.14.36301.6 d17.14
MinimumVisualStudioVersion = 10.0.40219.1
Project("{FAE04EC0-301F-11D3-BF4B-00C04F79EFBC}") = "PetShopTaskMVC", "PetShopTaskMVC\PetShopTaskMVC.csproj", "{560AFC6A-1696-41A0-B6B5-05D657F50DC3}"
EndProject
Global
	GlobalSection(SolutionConfigurationPlatforms) = preSolution
		Debug|Any CPU = Debug|Any CPU
		Release|Any CPU = Release|Any CPU
	EndGlobalSection
	GlobalSection(ProjectConfigurationPlatforms) = postSolution
		{560AFC6A-1696-41A0-B6B5-05D657F50DC3}.Debug|Any CPU.ActiveCfg = Debug|Any CPU
		{560AFC6A-1696-41A0-B6B5-05D657F50DC3}.Debug|Any CPU.Build.0 = Debug|Any CPU
		{560AFC6A-1696-41A0-B6B5-05D657F50DC3}.Release|Any CPU.ActiveCfg = Release|Any CPU
		{560AFC6A-1696-41A0-B6B5-05D657F50DC3}.Release|Any CPU.Build.0 = Release|Any CPU
	EndGlobalSection
	GlobalSection(SolutionProperties) = preSolution
		HideSolutionNode = FALSE
	EndGlobalSection
	GlobalSection(ExtensibilityGlobals) = postSolution
		SolutionGuid = {629B390F-02F7-4460-BA1F-08B683193DD4}
	EndGlobalSection
EndGlobal
